
Microsoft Visual Studio Solution File, Format Version 9.00
# Visual Studio 2005
Project("{8BC9CEB8-8B4A-11D0-8D11-00A0C91BC942}") = "wxSF", "src\wxSF.vcproj", "{F4B55686-ED45-4851-B674-83A74830EBEB}"
EndProject
Project("{8BC9CEB8-8B4A-11D0-8D11-00A0C91BC942}") = "wxSFDemo", "example\wxSFDemo.vcproj", "{31C89992-5239-4BB2-889E-6404108C411E}"
EndProject
Project("{8BC9CEB8-8B4A-11D0-8D11-00A0C91BC942}") = "wxSFSample3", "samples\wxSFSample3\wxSFSample3.vcproj", "{AC00E7D0-B02B-4C24-9648-D4599B54AF09}"
	ProjectSection(ProjectDependencies) = postProject
		{F4B55686-ED45-4851-B674-83A74830EBEB} = {F4B55686-ED45-4851-B674-83A74830EBEB}
	EndProjectSection
EndProject
Project("{8BC9CEB8-8B4A-11D0-8D11-00A0C91BC942}") = "wxSFSample1", "samples\wxSFSample1\wxSFSample1.vcproj", "{D055B6AF-25E9-4A84-8350-A4D5C1F82B6C}"
EndProject
Project("{8BC9CEB8-8B4A-11D0-8D11-00A0C91BC942}") = "wxSFSample2", "samples\wxSFSample2\wxSFSample2.vcproj", "{0C842F01-A418-4B57-A5C6-FBE4991D4E3A}"
EndProject
Global
	GlobalSection(SolutionConfigurationPlatforms) = preSolution
		Debug DLL|Win32 = Debug DLL|Win32
		Debug|Win32 = Debug|Win32
		Release DLL|Win32 = Release DLL|Win32
		Release|Win32 = Release|Win32
	EndGlobalSection
	GlobalSection(ProjectConfigurationPlatforms) = postSolution
		{F4B55686-ED45-4851-B674-83A74830EBEB}.Debug DLL|Win32.ActiveCfg = Debug DLL|Win32
		{F4B55686-ED45-4851-B674-83A74830EBEB}.Debug DLL|Win32.Build.0 = Debug DLL|Win32
		{F4B55686-ED45-4851-B674-83A74830EBEB}.Debug|Win32.ActiveCfg = Debug|Win32
		{F4B55686-ED45-4851-B674-83A74830EBEB}.Debug|Win32.Build.0 = Debug|Win32
		{F4B55686-ED45-4851-B674-83A74830EBEB}.Release DLL|Win32.ActiveCfg = Release DLL|Win32
		{F4B55686-ED45-4851-B674-83A74830EBEB}.Release DLL|Win32.Build.0 = Release DLL|Win32
		{F4B55686-ED45-4851-B674-83A74830EBEB}.Release|Win32.ActiveCfg = Release|Win32
		{F4B55686-ED45-4851-B674-83A74830EBEB}.Release|Win32.Build.0 = Release|Win32
		{31C89992-5239-4BB2-889E-6404108C411E}.Debug DLL|Win32.ActiveCfg = Debug DLL|Win32
		{31C89992-5239-4BB2-889E-6404108C411E}.Debug DLL|Win32.Build.0 = Debug DLL|Win32
		{31C89992-5239-4BB2-889E-6404108C411E}.Debug|Win32.ActiveCfg = Debug|Win32
		{31C89992-5239-4BB2-889E-6404108C411E}.Debug|Win32.Build.0 = Debug|Win32
		{31C89992-5239-4BB2-889E-6404108C411E}.Release DLL|Win32.ActiveCfg = Release DLL|Win32
		{31C89992-5239-4BB2-889E-6404108C411E}.Release DLL|Win32.Build.0 = Release DLL|Win32
		{31C89992-5239-4BB2-889E-6404108C411E}.Release|Win32.ActiveCfg = Release|Win32
		{31C89992-5239-4BB2-889E-6404108C411E}.Release|Win32.Build.0 = Release|Win32
		{AC00E7D0-B02B-4C24-9648-D4599B54AF09}.Debug DLL|Win32.ActiveCfg = Debug|Win32
		{AC00E7D0-B02B-4C24-9648-D4599B54AF09}.Debug DLL|Win32.Build.0 = Debug|Win32
		{AC00E7D0-B02B-4C24-9648-D4599B54AF09}.Debug|Win32.ActiveCfg = Debug|Win32
		{AC00E7D0-B02B-4C24-9648-D4599B54AF09}.Debug|Win32.Build.0 = Debug|Win32
		{AC00E7D0-B02B-4C24-9648-D4599B54AF09}.Release DLL|Win32.ActiveCfg = Release|Win32
		{AC00E7D0-B02B-4C24-9648-D4599B54AF09}.Release DLL|Win32.Build.0 = Release|Win32
		{AC00E7D0-B02B-4C24-9648-D4599B54AF09}.Release|Win32.ActiveCfg = Release|Win32
		{AC00E7D0-B02B-4C24-9648-D4599B54AF09}.Release|Win32.Build.0 = Release|Win32
		{D055B6AF-25E9-4A84-8350-A4D5C1F82B6C}.Debug DLL|Win32.ActiveCfg = Debug|Win32
		{D055B6AF-25E9-4A84-8350-A4D5C1F82B6C}.Debug DLL|Win32.Build.0 = Debug|Win32
		{D055B6AF-25E9-4A84-8350-A4D5C1F82B6C}.Debug|Win32.ActiveCfg = Debug|Win32
		{D055B6AF-25E9-4A84-8350-A4D5C1F82B6C}.Debug|Win32.Build.0 = Debug|Win32
		{D055B6AF-25E9-4A84-8350-A4D5C1F82B6C}.Release DLL|Win32.ActiveCfg = Release|Win32
		{D055B6AF-25E9-4A84-8350-A4D5C1F82B6C}.Release DLL|Win32.Build.0 = Release|Win32
		{D055B6AF-25E9-4A84-8350-A4D5C1F82B6C}.Release|Win32.ActiveCfg = Release|Win32
		{D055B6AF-25E9-4A84-8350-A4D5C1F82B6C}.Release|Win32.Build.0 = Release|Win32
		{0C842F01-A418-4B57-A5C6-FBE4991D4E3A}.Debug DLL|Win32.ActiveCfg = Debug|Win32
		{0C842F01-A418-4B57-A5C6-FBE4991D4E3A}.Debug DLL|Win32.Build.0 = Debug|Win32
		{0C842F01-A418-4B57-A5C6-FBE4991D4E3A}.Debug|Win32.ActiveCfg = Debug|Win32
		{0C842F01-A418-4B57-A5C6-FBE4991D4E3A}.Debug|Win32.Build.0 = Debug|Win32
		{0C842F01-A418-4B57-A5C6-FBE4991D4E3A}.Release DLL|Win32.ActiveCfg = Release|Win32
		{0C842F01-A418-4B57-A5C6-FBE4991D4E3A}.Release DLL|Win32.Build.0 = Release|Win32
		{0C842F01-A418-4B57-A5C6-FBE4991D4E3A}.Release|Win32.ActiveCfg = Release|Win32
		{0C842F01-A418-4B57-A5C6-FBE4991D4E3A}.Release|Win32.Build.0 = Release|Win32
	EndGlobalSection
	GlobalSection(SolutionProperties) = preSolution
		HideSolutionNode = FALSE
	EndGlobalSection
EndGlobal
