<?xml version="1.0" encoding="UTF-8" standalone="yes" ?>
<CodeBlocks_project_file>
	<FileVersion major="1" minor="6" />
	<Project>
		<Option title="wxSFSample3" />
		<Option pch_mode="2" />
		<Option compiler="gcc" />
		<Build>
			<Target title="Release">
				<Option output="bin/gcc/wxSFSample3.exe" prefix_auto="0" extension_auto="0" />
				<Option object_output=".objsu" />
				<Option type="0" />
				<Option compiler="gcc" />
				<Compiler>
					<Add option="-Wall" />
					<Add option="-O3" />
					<Add option="-Winvalid-pch" />
					<Add option="-include &quot;wx_pch.h&quot;" />
					<Add option="-DWXUSINGDLL" />
					<Add option="-DUNICODE" />
					<Add option="-D_UNICODE" />
					<Add option="-D__WX__" />
					<Add option="-D__WXMSW__" />
					<Add option="-DWIN32" />
					<Add option="-D_WINDOWS" />
					<Add option="-DNDEBUG" />
					<Add option="-fno-strict-aliasing" />
					<Add directory="../../include" />
					<Add directory="$(#WX.include)" />
					<Add directory="$(#WX.lib)/gcc_dll/mswu" />
				</Compiler>
				<Linker>
					<Add option="-s" />
					<Add directory="bin/gcc" />
					<Add directory="../../build" />
					<Add directory="$(#WX.lib)/gcc_dll" />
					<Add directory="../../lib/gcc_dll" />
					<Add library="wxmsw28u_wxsf" />
					<Add library="wxmsw28u" />
				</Linker>
				<ResourceCompiler>
					<Add directory="../../include" />
					<Add directory="$(#WX.include)" />
					<Add directory="$(#WX.lib)/gcc_dll/mswu" />
				</ResourceCompiler>
			</Target>
			<Target title="Debug">
				<Option output="bin/gcc/wxSFSample3d.exe" prefix_auto="0" extension_auto="0" />
				<Option object_output=".objsud" />
				<Option type="0" />
				<Option compiler="gcc" />
				<Compiler>
					<Add option="-Wall" />
					<Add option="-g" />
					<Add option="-Winvalid-pch" />
					<Add option="-include &quot;wx_pch.h&quot;" />
					<Add option="-DWXUSINGDLL" />
					<Add option="-DUNICODE" />
					<Add option="-D_UNICODE" />
					<Add option="-D__WX__" />
					<Add option="-D__WXMSW__" />
					<Add option="-DWIN32" />
					<Add option="-D_WINDOWS" />
					<Add option="-DDEBUG" />
					<Add option="-D_DEBUG" />
					<Add option="-D__WXDEBUG__" />
					<Add option="-O0" />
					<Add directory="../../include" />
					<Add directory="$(#WX.include)" />
					<Add directory="$(#WX.lib)/gcc_dll/mswud" />
				</Compiler>
				<Linker>
					<Add directory="bin/gcc" />
					<Add directory="../../build" />
					<Add directory="$(#WX.lib)/gcc_dll" />
					<Add directory="../../lib/gcc_dll" />
					<Add library="wxmsw28ud_wxsf" />
					<Add library="wxmsw28ud" />
				</Linker>
				<ResourceCompiler>
					<Add directory="../../include" />
					<Add directory="$(#WX.include)" />
					<Add directory="$(#WX.lib)/gcc_dll/mswud" />
				</ResourceCompiler>
			</Target>
		</Build>
		<Unit filename="StarShape.cpp">
			<Option target="Release" />
			<Option target="Debug" />
		</Unit>
		<Unit filename="wxSFSample3App.cpp">
			<Option target="Release" />
			<Option target="Debug" />
		</Unit>
		<Unit filename="wxSFSample3Main.cpp">
			<Option target="Release" />
			<Option target="Debug" />
		</Unit>
		<Unit filename="wx_pch.cpp">
			<Option target="Release" />
			<Option target="Debug" />
		</Unit>
		<Unit filename="StarShape.h">
			<Option target="Release" />
			<Option target="Debug" />
		</Unit>
		<Unit filename="wxSFSample3App.h">
			<Option target="Release" />
			<Option target="Debug" />
		</Unit>
		<Unit filename="wxSFSample3Main.h">
			<Option target="Release" />
			<Option target="Debug" />
		</Unit>
		<Unit filename="wx_pch.h">
			<Option compile="1" />
			<Option weight="0" />
			<Option target="Release" />
			<Option target="Debug" />
		</Unit>
		<Unit filename="wxSF.rc">
			<Option compilerVar="WINDRES" />
			<Option target="Release" />
			<Option target="Debug" />
		</Unit>
		<Extensions />
	</Project>
</CodeBlocks_project_file>
