<?xml version="1.0" encoding="UTF-8" standalone="yes" ?>
<CodeBlocks_project_file>
	<FileVersion major="1" minor="6" />
	<Project>
		<Option title="wxSFSample4" />
		<Option pch_mode="2" />
		<Option compiler="gcc" />
		<Build>
			<Target title="Release">
				<Option output="bin/gcc/wxSFSample4" prefix_auto="0" extension_auto="0" />
				<Option object_output=".objsu" />
				<Option type="1" />
				<Option compiler="gcc" />
				<Compiler>
					<Add option="-Wall" />
					<Add option="-O3" />
					<Add option="-Winvalid-pch" />
					<Add option="-include &quot;wx_pch.h&quot;" />
					<Add option="-DUNICODE" />
					<Add option="-D_UNICODE" />
					<Add option="-D__WX__" />
					<Add option="-DNDEBUG" />
					<Add option="-fno-strict-aliasing" />
					<Add option="`wx-config --debug=no --cflags`" />
					<Add directory="../../include" />
				</Compiler>
				<Linker>
					<Add option="-s" />
					<Add option="`wx-config --libs std richtext`" />
					<Add directory="bin/gcc" />
					<Add directory="../../build" />
					<Add directory="../../lib/gcc_lib" />
					<Add library="wx_gtk2u_wxsf-2.8" />
				</Linker>
			</Target>
			<Target title="Debug">
				<Option output="bin/gcc/wxSFSample4d" prefix_auto="0" extension_auto="0" />
				<Option object_output=".objsud" />
				<Option type="1" />
				<Option compiler="gcc" />
				<Compiler>
					<Add option="-Wall" />
					<Add option="-g" />
					<Add option="-Winvalid-pch" />
					<Add option="-include &quot;wx_pch.h&quot;" />
					<Add option="-DUNICODE" />
					<Add option="-D_UNICODE" />
					<Add option="-D__WX__" />
					<Add option="-DDEBUG" />
					<Add option="-D_DEBUG" />
					<Add option="-D__WXDEBUG__" />
					<Add option="-O0" />
					<Add option="`wx-config --debug=yes --cflags`" />
					<Add directory="../../include" />
				</Compiler>
				<Linker>
					<Add option="`wx-config --debug=yes --libs std richtext`" />
					<Add directory="bin/gcc" />
					<Add directory="../../build" />
					<Add directory="../../lib/gcc_lib" />
					<Add library="wx_gtk2ud_wxsf-2.8" />
				</Linker>
			</Target>
		</Build>
		<Unit filename="wxSFSample4Main.cpp">
			<Option compilerVar="CPP" />
			<Option target="Release" />
			<Option target="Debug" />
		</Unit>
		<Unit filename="wxSFSample4App.cpp">
			<Option compilerVar="CPP" />
			<Option target="Release" />
			<Option target="Debug" />
		</Unit>
		<Unit filename="wx_pch.cpp">
			<Option compilerVar="CPP" />
			<Option target="Release" />
			<Option target="Debug" />
		</Unit>
		<Unit filename="wxSFSample4App.h">
			<Option compilerVar="CPP" />
			<Option target="Release" />
			<Option target="Debug" />
		</Unit>
		<Unit filename="wxSFSample4Main.h">
			<Option compilerVar="CPP" />
			<Option target="Release" />
			<Option target="Debug" />
		</Unit>
		<Unit filename="wx_pch.h">
			<Option compilerVar="CPP" />
			<Option compile="1" />
			<Option weight="0" />
			<Option target="Release" />
			<Option target="Debug" />
		</Unit>
		<Extensions />
	</Project>
</CodeBlocks_project_file>
