<?xml version="1.0" encoding="UTF-8" standalone="yes" ?>
<CodeBlocks_project_file>
	<FileVersion major="1" minor="6" />
	<Project>
		<Option title="wxSF" />
		<Option pch_mode="0" />
		<Option default_target="Release DLL" />
		<Option compiler="gcc" />
		<Build>
			<Target title="Debug">
				<Option output="..\lib\Win-gcc\Lib\libwxSFd" prefix_auto="1" extension_auto="1" />
				<Option working_dir="" />
				<Option object_output="..\obj\Win-gcc\wxsf\Lib\Debug" />
				<Option type="2" />
				<Option compiler="gcc" />
				<Option host_application="..\bin\Win-gcc\Lib\Debug\wxSFDemo.exe" />
				<Option createDefFile="1" />
				<Option projectLinkerOptionsRelation="2" />
				<Compiler>
					<Add option="-g" />
					<Add option="-D__WXDEBUG__" />
					<Add directory="$(#wx)\lib\gcc_lib\mswud" />
				</Compiler>
				<ResourceCompiler>
					<Add directory="$(#wx)\lib\gcc_lib\mswud" />
				</ResourceCompiler>
				<Linker>
					<Add library="libwxmsw28ud.a" />
					<Add library="libwxpngd.a" />
					<Add library="libwxjpegd.a" />
					<Add library="libwxtiffd.a" />
					<Add library="libwxzlibd.a" />
					<Add directory="$(#wx)\lib\gcc_lib" />
				</Linker>
			</Target>
			<Target title="Release">
				<Option output="..\lib\Win-gcc\Lib\libwxSF" prefix_auto="1" extension_auto="1" />
				<Option working_dir="" />
				<Option object_output="..\obj\Win-gcc\wxsf\Lib\Release" />
				<Option type="2" />
				<Option compiler="gcc" />
				<Option host_application="..\bin\Win-gcc\Lib\Release\wxSFDemo.exe" />
				<Option createDefFile="1" />
				<Option projectLinkerOptionsRelation="2" />
				<Compiler>
					<Add option="-O2" />
					<Add directory="$(#wx)\lib\gcc_lib\mswu" />
				</Compiler>
				<ResourceCompiler>
					<Add directory="$(#wx)\lib\gcc_lib\mswu" />
				</ResourceCompiler>
				<Linker>
					<Add option="-s" />
					<Add library="libwxmsw28u.a" />
					<Add library="libwxpng.a" />
					<Add library="libwxjpeg.a" />
					<Add library="libwxtiff.a" />
					<Add library="libwxzlib.a" />
					<Add directory="$(#wx)\lib\gcc_lib" />
				</Linker>
			</Target>
			<Target title="Release DLL">
				<Option output="..\lib\Win-gcc\Dll\wxSF" prefix_auto="1" extension_auto="1" />
				<Option object_output="..\obj\Win-gcc\wxsf\Dll\Release" />
				<Option type="3" />
				<Option compiler="gcc" />
				<Option host_application="..\bin\Win-gcc\Dll\Release\wxSFDemo.exe" />
				<Option createDefFile="1" />
				<Option createStaticLib="1" />
				<Option projectLinkerOptionsRelation="2" />
				<Compiler>
					<Add option="-O2" />
					<Add option="-DWXUSINGDLL" />
					<Add option="-DWXMAKINGDLL_SF" />
					<Add directory="$(#wx)\lib\gcc_dll\mswu" />
				</Compiler>
				<ResourceCompiler>
					<Add directory="$(#wx)\lib\gcc_dll\mswu" />
				</ResourceCompiler>
				<Linker>
					<Add option="-s" />
					<Add library="libwxmsw28u.a" />
					<Add library="libwxpng.a" />
					<Add library="libwxjpeg.a" />
					<Add library="libwxtiff.a" />
					<Add library="libwxzlib.a" />
					<Add directory="$(#wx)\lib\gcc_dll" />
				</Linker>
				<ExtraCommands>
					<Add after="xcopy ..\lib\Win-gcc\Dll\wxSF.dll ..\bin\Win-gcc\Dll\Release /Y /I" />
				</ExtraCommands>
			</Target>
			<Target title="Debug DLL">
				<Option output="..\lib\Win-gcc\Dll\wxSFd" prefix_auto="1" extension_auto="1" />
				<Option object_output="..\obj\Win-gcc\wxsf\Dll\Debug" />
				<Option type="3" />
				<Option compiler="gcc" />
				<Option host_application="..\bin\Win-gcc\Dll\Debug\wxSFDemo.exe" />
				<Option createDefFile="1" />
				<Option createStaticLib="1" />
				<Option projectLinkerOptionsRelation="2" />
				<Compiler>
					<Add option="-g" />
					<Add option="-D__WXDEBUG__" />
					<Add option="-DWXUSINGDLL" />
					<Add option="-DWXMAKINGDLL_SF" />
					<Add directory="$(#wx)\lib\gcc_dll\mswud" />
				</Compiler>
				<ResourceCompiler>
					<Add directory="$(#wx)\lib\gcc_dll\mswud" />
				</ResourceCompiler>
				<Linker>
					<Add library="libwxmsw28ud.a" />
					<Add library="libwxpngd.a" />
					<Add library="libwxjpegd.a" />
					<Add library="libwxtiffd.a" />
					<Add library="libwxzlibd.a" />
					<Add directory="$(#wx)\lib\gcc_dll" />
				</Linker>
				<ExtraCommands>
					<Add after="xcopy ..\lib\Win-gcc\Dll\wxSFd.dll ..\bin\Win-gcc\Dll\Debug /Y /I" />
				</ExtraCommands>
			</Target>
		</Build>
		<Compiler>
			<Add option="-Wall" />
			<Add option="-pipe" />
			<Add option="-mthreads" />
			<Add option="-include wx_pch.h" />
			<Add option="-D__GNUWIN32__" />
			<Add option="-D__WXMSW__" />
			<Add option="-DwxUSE_UNICODE" />
			<Add option="-DWX_PRECOMP" />
			<Add directory="$(#wx)\include" />
			<Add directory="$(#wx)\contrib\include" />
			<Add directory="..\include" />
		</Compiler>
		<ResourceCompiler>
			<Add directory="$(#wx)\include" />
		</ResourceCompiler>
		<Linker>
			<Add library="libkernel32.a" />
			<Add library="libuser32.a" />
			<Add library="libgdi32.a" />
			<Add library="libwinspool.a" />
			<Add library="libcomdlg32.a" />
			<Add library="libadvapi32.a" />
			<Add library="libshell32.a" />
			<Add library="libole32.a" />
			<Add library="liboleaut32.a" />
			<Add library="libuuid.a" />
			<Add library="libcomctl32.a" />
			<Add library="libwsock32.a" />
			<Add library="libodbc32.a" />
		</Linker>
		<Unit filename="..\include\ArrowBase.h" />
		<Unit filename="..\include\BitmapShape.h" />
		<Unit filename="..\include\CanvasHistory.h" />
		<Unit filename="..\include\CanvasState.h" />
		<Unit filename="..\include\CircleShape.h" />
		<Unit filename="..\include\CommonFcn.h" />
		<Unit filename="..\include\CurveShape.h" />
		<Unit filename="..\include\Defs.h" />
		<Unit filename="..\include\DiagramManager.h" />
		<Unit filename="..\include\DiamondShape.h" />
		<Unit filename="..\include\EditTextShape.h" />
		<Unit filename="..\include\EllipseShape.h" />
		<Unit filename="..\include\FixedRectShape.h" />
		<Unit filename="..\include\LineShape.h" />
		<Unit filename="..\include\MultiSelRect.h" />
		<Unit filename="..\include\OpenArrow.h" />
		<Unit filename="..\include\PolygonShape.h" />
		<Unit filename="..\include\RectShape.h" />
		<Unit filename="..\include\RoundRectShape.h" />
		<Unit filename="..\include\SFEvents.h" />
		<Unit filename="..\include\ScaledPaintDC.h" />
		<Unit filename="..\include\ShapeBase.h" />
		<Unit filename="..\include\ShapeCanvas.h" />
		<Unit filename="..\include\ShapeDataObject.h" />
		<Unit filename="..\include\ShapeHandle.h" />
		<Unit filename="..\include\SolidArrow.h" />
		<Unit filename="..\include\TextShape.h" />
		<Unit filename="..\include\XmlSerializer.h" />
		<Unit filename="..\include\wxShapeFramework.h" />
		<Unit filename="ArrowBase.cpp" />
		<Unit filename="BitmapShape.cpp" />
		<Unit filename="BitmapShapeXml.cpp" />
		<Unit filename="CanvasHistory.cpp" />
		<Unit filename="CanvasState.cpp" />
		<Unit filename="CircleShape.cpp" />
		<Unit filename="CommonFcn.cpp" />
		<Unit filename="CurveShape.cpp" />
		<Unit filename="CurveShapeXml.cpp" />
		<Unit filename="DiagramManager.cpp" />
		<Unit filename="DiamondShape.cpp" />
		<Unit filename="EditTextShape.cpp" />
		<Unit filename="EllipseShape.cpp" />
		<Unit filename="FixedRectShape.cpp" />
		<Unit filename="LineShape.cpp" />
		<Unit filename="LineShapeXml.cpp" />
		<Unit filename="MultiSelRect.cpp" />
		<Unit filename="OpenArrow.cpp" />
		<Unit filename="PolygonShape.cpp" />
		<Unit filename="PolygonShapeXml.cpp" />
		<Unit filename="RectShape.cpp" />
		<Unit filename="RectShapeXml.cpp" />
		<Unit filename="RoundRectShape.cpp" />
		<Unit filename="RoundRectShapeXml.cpp" />
		<Unit filename="SFEvents.cpp" />
		<Unit filename="ScaledPaintDC.cpp" />
		<Unit filename="ShapeBase.cpp" />
		<Unit filename="ShapeBaseXml.cpp" />
		<Unit filename="ShapeCanvas.cpp" />
		<Unit filename="ShapeDataObject.cpp" />
		<Unit filename="ShapeHandle.cpp" />
		<Unit filename="SolidArrow.cpp" />
		<Unit filename="TextShape.cpp" />
		<Unit filename="TextShapeXml.cpp" />
		<Unit filename="wx_pch.h">
			<Option compile="1" />
			<Option weight="0" />
		</Unit>
		<Unit filename="wxxmlserializer\XmlSerializer.cpp" />
		<Unit filename="wxxmlserializer\XmlSerializerConv.cpp" />
		<Extensions>
			<code_completion />
			<envvars />
			<debugger />
		</Extensions>
	</Project>
</CodeBlocks_project_file>
