<?xml version="1.0" encoding="UTF-8" standalone="yes" ?>
<CodeBlocks_project_file>
	<FileVersion major="1" minor="6" />
	<Project>
		<Option title="wxSF" />
		<Option pch_mode="2" />
		<Option compiler="gcc" />
		<Build>
			<Target title="Release">
				<Option output="../lib/gcc_dll/wxmsw28u_wxsf.dll" prefix_auto="0" extension_auto="0" />
				<Option object_output=".objsu" />
				<Option type="3" />
				<Option compiler="gcc" />
				<Option createDefFile="0" />
				<Option createStaticLib="1" />
				<Compiler>
					<Add option="-Wall" />
					<Add option="-O3" />
					<Add option="-Winvalid-pch" />
					<Add option="-include &quot;wx_pch.h&quot;" />
					<Add option="-DWXMAKINGDLL_SF" />
					<Add option="-DWXMAKINGDLL_XS" />
					<Add option="-DWXUSINGDLL" />
					<Add option="-DUNICODE" />
					<Add option="-D_UNICODE" />
					<Add option="-D__WX__" />
					<Add option="-D__WXMSW__" />
					<Add option="-DWIN32" />
					<Add option="-D_WINDOWS" />
					<Add option="-DNDEBUG" />
					<Add option="-fno-strict-aliasing" />
					<Add directory="../include" />
					<Add directory="../src" />
					<Add directory="$(#WX.include)" />
					<Add directory="$(#WX.lib)/gcc_dll/mswu" />
				</Compiler>
				<Linker>
					<Add option="-s" />
					<Add directory="../lib/gcc_dll" />
					<Add directory="../build" />
					<Add directory="$(#WX.lib)/gcc_dll" />
					<Add library="wxmsw28u" />
				</Linker>
				<ResourceCompiler>
					<Add directory="../include" />
					<Add directory="../src" />
					<Add directory="$(#WX.include)" />
					<Add directory="$(#WX.lib)/gcc_dll/mswu" />
				</ResourceCompiler>
			</Target>
			<Target title="Debug">
				<Option output="../lib/gcc_dll/wxmsw28ud_wxsf.dll" prefix_auto="0" extension_auto="0" />
				<Option object_output=".objsud" />
				<Option type="3" />
				<Option compiler="gcc" />
				<Option createDefFile="0" />
				<Option createStaticLib="1" />
				<Compiler>
					<Add option="-Wall" />
					<Add option="-g" />
					<Add option="-Winvalid-pch" />
					<Add option="-include &quot;wx_pch.h&quot;" />
					<Add option="-DWXMAKINGDLL_SF" />
					<Add option="-DWXMAKINGDLL_XS" />
					<Add option="-DWXUSINGDLL" />
					<Add option="-DUNICODE" />
					<Add option="-D_UNICODE" />
					<Add option="-D__WX__" />
					<Add option="-D__WXMSW__" />
					<Add option="-DWIN32" />
					<Add option="-D_WINDOWS" />
					<Add option="-DDEBUG" />
					<Add option="-D_DEBUG" />
					<Add option="-D__WXDEBUG__" />
					<Add option="-O0" />
					<Add directory="../include" />
					<Add directory="../src" />
					<Add directory="$(#WX.include)" />
					<Add directory="$(#WX.lib)/gcc_dll/mswud" />
				</Compiler>
				<Linker>
					<Add directory="../lib/gcc_dll" />
					<Add directory="../build" />
					<Add directory="$(#WX.lib)/gcc_dll" />
					<Add library="wxmsw28ud" />
				</Linker>
				<ResourceCompiler>
					<Add directory="../include" />
					<Add directory="../src" />
					<Add directory="$(#WX.include)" />
					<Add directory="$(#WX.lib)/gcc_dll/mswud" />
				</ResourceCompiler>
			</Target>
		</Build>
		<Unit filename="ArrowBase.cpp">
			<Option target="Release" />
			<Option target="Debug" />
		</Unit>
		<Unit filename="BitmapShape.cpp">
			<Option target="Release" />
			<Option target="Debug" />
		</Unit>
		<Unit filename="BitmapShapeXml.cpp">
			<Option target="Release" />
			<Option target="Debug" />
		</Unit>
		<Unit filename="CanvasHistory.cpp">
			<Option target="Release" />
			<Option target="Debug" />
		</Unit>
		<Unit filename="CanvasState.cpp">
			<Option target="Release" />
			<Option target="Debug" />
		</Unit>
		<Unit filename="CircleShape.cpp">
			<Option target="Release" />
			<Option target="Debug" />
		</Unit>
		<Unit filename="CommonFcn.cpp">
			<Option target="Release" />
			<Option target="Debug" />
		</Unit>
		<Unit filename="CurveShape.cpp">
			<Option target="Release" />
			<Option target="Debug" />
		</Unit>
		<Unit filename="CurveShapeXml.cpp">
			<Option target="Release" />
			<Option target="Debug" />
		</Unit>
		<Unit filename="DiagramManager.cpp">
			<Option target="Release" />
			<Option target="Debug" />
		</Unit>
		<Unit filename="DiamondShape.cpp">
			<Option target="Release" />
			<Option target="Debug" />
		</Unit>
		<Unit filename="EditTextShape.cpp">
			<Option target="Release" />
			<Option target="Debug" />
		</Unit>
		<Unit filename="EllipseShape.cpp">
			<Option target="Release" />
			<Option target="Debug" />
		</Unit>
		<Unit filename="FixedRectShape.cpp">
			<Option target="Release" />
			<Option target="Debug" />
		</Unit>
		<Unit filename="LineShape.cpp">
			<Option target="Release" />
			<Option target="Debug" />
		</Unit>
		<Unit filename="LineShapeXml.cpp">
			<Option target="Release" />
			<Option target="Debug" />
		</Unit>
		<Unit filename="MultiSelRect.cpp">
			<Option target="Release" />
			<Option target="Debug" />
		</Unit>
		<Unit filename="OpenArrow.cpp">
			<Option target="Release" />
			<Option target="Debug" />
		</Unit>
		<Unit filename="PolygonShape.cpp">
			<Option target="Release" />
			<Option target="Debug" />
		</Unit>
		<Unit filename="PolygonShapeXml.cpp">
			<Option target="Release" />
			<Option target="Debug" />
		</Unit>
		<Unit filename="RectShape.cpp">
			<Option target="Release" />
			<Option target="Debug" />
		</Unit>
		<Unit filename="RectShapeXml.cpp">
			<Option target="Release" />
			<Option target="Debug" />
		</Unit>
		<Unit filename="RoundRectShape.cpp">
			<Option target="Release" />
			<Option target="Debug" />
		</Unit>
		<Unit filename="RoundRectShapeXml.cpp">
			<Option target="Release" />
			<Option target="Debug" />
		</Unit>
		<Unit filename="ScaledPaintDC.cpp">
			<Option target="Release" />
			<Option target="Debug" />
		</Unit>
		<Unit filename="SFEvents.cpp">
			<Option target="Release" />
			<Option target="Debug" />
		</Unit>
		<Unit filename="ShapeBase.cpp">
			<Option target="Release" />
			<Option target="Debug" />
		</Unit>
		<Unit filename="ShapeBaseXml.cpp">
			<Option target="Release" />
			<Option target="Debug" />
		</Unit>
		<Unit filename="ShapeCanvas.cpp">
			<Option target="Release" />
			<Option target="Debug" />
		</Unit>
		<Unit filename="ShapeDataObject.cpp">
			<Option target="Release" />
			<Option target="Debug" />
		</Unit>
		<Unit filename="ShapeHandle.cpp">
			<Option target="Release" />
			<Option target="Debug" />
		</Unit>
		<Unit filename="SolidArrow.cpp">
			<Option target="Release" />
			<Option target="Debug" />
		</Unit>
		<Unit filename="TextShape.cpp">
			<Option target="Release" />
			<Option target="Debug" />
		</Unit>
		<Unit filename="TextShapeXml.cpp">
			<Option target="Release" />
			<Option target="Debug" />
		</Unit>
		<Unit filename="wx_pch.cpp">
			<Option target="Release" />
			<Option target="Debug" />
		</Unit>
		<Unit filename="wxxmlserializer/PropertyIO.cpp">
			<Option target="Release" />
			<Option target="Debug" />
		</Unit>
		<Unit filename="wxxmlserializer/XmlSerializer.cpp">
			<Option target="Release" />
			<Option target="Debug" />
		</Unit>
		<Unit filename="wx_pch.h">
			<Option compile="1" />
			<Option weight="0" />
			<Option target="Release" />
			<Option target="Debug" />
		</Unit>
		<Unit filename="wxSF.rc">
			<Option compilerVar="WINDRES" />
			<Option target="Release" />
			<Option target="Debug" />
		</Unit>
		<Unit filename="../include/wx/wxsf/ArrowBase.h">
			<Option target="Release" />
			<Option target="Debug" />
		</Unit>
		<Unit filename="../include/wx/wxsf/BitmapShape.h">
			<Option target="Release" />
			<Option target="Debug" />
		</Unit>
		<Unit filename="../include/wx/wxsf/CanvasHistory.h">
			<Option target="Release" />
			<Option target="Debug" />
		</Unit>
		<Unit filename="../include/wx/wxsf/CanvasState.h">
			<Option target="Release" />
			<Option target="Debug" />
		</Unit>
		<Unit filename="../include/wx/wxsf/CircleShape.h">
			<Option target="Release" />
			<Option target="Debug" />
		</Unit>
		<Unit filename="../include/wx/wxsf/CommonFcn.h">
			<Option target="Release" />
			<Option target="Debug" />
		</Unit>
		<Unit filename="../include/wx/wxsf/CurveShape.h">
			<Option target="Release" />
			<Option target="Debug" />
		</Unit>
		<Unit filename="../include/wx/wxsf/Defs.h">
			<Option target="Release" />
			<Option target="Debug" />
		</Unit>
		<Unit filename="../include/wx/wxsf/DiagramManager.h">
			<Option target="Release" />
			<Option target="Debug" />
		</Unit>
		<Unit filename="../include/wx/wxsf/DiamondShape.h">
			<Option target="Release" />
			<Option target="Debug" />
		</Unit>
		<Unit filename="../include/wx/wxsf/EditTextShape.h">
			<Option target="Release" />
			<Option target="Debug" />
		</Unit>
		<Unit filename="../include/wx/wxsf/EllipseShape.h">
			<Option target="Release" />
			<Option target="Debug" />
		</Unit>
		<Unit filename="../include/wx/wxsf/FixedRectShape.h">
			<Option target="Release" />
			<Option target="Debug" />
		</Unit>
		<Unit filename="../include/wx/wxsf/LineShape.h">
			<Option target="Release" />
			<Option target="Debug" />
		</Unit>
		<Unit filename="../include/wx/wxsf/MultiSelRect.h">
			<Option target="Release" />
			<Option target="Debug" />
		</Unit>
		<Unit filename="../include/wx/wxsf/OpenArrow.h">
			<Option target="Release" />
			<Option target="Debug" />
		</Unit>
		<Unit filename="../include/wx/wxsf/PolygonShape.h">
			<Option target="Release" />
			<Option target="Debug" />
		</Unit>
		<Unit filename="../include/wx/wxsf/RectShape.h">
			<Option target="Release" />
			<Option target="Debug" />
		</Unit>
		<Unit filename="../include/wx/wxsf/RoundRectShape.h">
			<Option target="Release" />
			<Option target="Debug" />
		</Unit>
		<Unit filename="../include/wx/wxsf/ScaledPaintDC.h">
			<Option target="Release" />
			<Option target="Debug" />
		</Unit>
		<Unit filename="../include/wx/wxsf/SFEvents.h">
			<Option target="Release" />
			<Option target="Debug" />
		</Unit>
		<Unit filename="../include/wx/wxsf/ShapeBase.h">
			<Option target="Release" />
			<Option target="Debug" />
		</Unit>
		<Unit filename="../include/wx/wxsf/ShapeCanvas.h">
			<Option target="Release" />
			<Option target="Debug" />
		</Unit>
		<Unit filename="../include/wx/wxsf/ShapeDataObject.h">
			<Option target="Release" />
			<Option target="Debug" />
		</Unit>
		<Unit filename="../include/wx/wxsf/ShapeHandle.h">
			<Option target="Release" />
			<Option target="Debug" />
		</Unit>
		<Unit filename="../include/wx/wxsf/SolidArrow.h">
			<Option target="Release" />
			<Option target="Debug" />
		</Unit>
		<Unit filename="../include/wx/wxsf/TextShape.h">
			<Option target="Release" />
			<Option target="Debug" />
		</Unit>
		<Unit filename="../include/wx/wxsf/wxShapeFramework.h">
			<Option target="Release" />
			<Option target="Debug" />
		</Unit>
		<Unit filename="../include/wx/wxxmlserializer/Defs.h">
			<Option target="Release" />
			<Option target="Debug" />
		</Unit>
		<Unit filename="../include/wx/wxxmlserializer/PropertyIO.h">
			<Option target="Release" />
			<Option target="Debug" />
		</Unit>
		<Unit filename="../include/wx/wxxmlserializer/XmlSerializer.h">
			<Option target="Release" />
			<Option target="Debug" />
		</Unit>
		<Extensions />
	</Project>
</CodeBlocks_project_file>
